// !$*UTF8*$!
{
	archiveVersion = 1;
	classes = {
	};
	objectVersion = 46;
	objects = {

/* Begin PBXBuildFile section */
		39EE4A3608FEBCD26C4A7693 /* Pods_SocialApp.framework in Frameworks */ = {isa = PBXBuildFile; fileRef = B5A532D197E70534EFF3AB92 /* Pods_SocialApp.framework */; };
		452E62331EA403240040B8D4 /* FancyView.swift in Sources */ = {isa = PBXBuildFile; fileRef = 452E62321EA403240040B8D4 /* FancyView.swift */; };
		452E62361EA403A30040B8D4 /* Constants.swift in Sources */ = {isa = PBXBuildFile; fileRef = 452E62351EA403A30040B8D4 /* Constants.swift */; };
		452E62381EA405230040B8D4 /* RoundBtn.swift in Sources */ = {isa = PBXBuildFile; fileRef = 452E62371EA405230040B8D4 /* RoundBtn.swift */; };
		452E623A1EA406580040B8D4 /* FancyField.swift in Sources */ = {isa = PBXBuildFile; fileRef = 452E62391EA406580040B8D4 /* FancyField.swift */; };
		452E623C1EA409C00040B8D4 /* FancyButton.swift in Sources */ = {isa = PBXBuildFile; fileRef = 452E623B1EA409C00040B8D4 /* FancyButton.swift */; };
		452EF4651E9EF07A0081849F /* AppDelegate.swift in Sources */ = {isa = PBXBuildFile; fileRef = 452EF4641E9EF07A0081849F /* AppDelegate.swift */; };
		452EF4671E9EF07A0081849F /* SignInVC.swift in Sources */ = {isa = PBXBuildFile; fileRef = 452EF4661E9EF07A0081849F /* SignInVC.swift */; };
		452EF46A1E9EF07A0081849F /* Main.storyboard in Resources */ = {isa = PBXBuildFile; fileRef = 452EF4681E9EF07A0081849F /* Main.storyboard */; };
		452EF46C1E9EF07A0081849F /* Assets.xcassets in Resources */ = {isa = PBXBuildFile; fileRef = 452EF46B1E9EF07A0081849F /* Assets.xcassets */; };
		452EF46F1E9EF07A0081849F /* LaunchScreen.storyboard in Resources */ = {isa = PBXBuildFile; fileRef = 452EF46D1E9EF07A0081849F /* LaunchScreen.storyboard */; };
		452EF4771E9EF0DF0081849F /* GoogleService-Info.plist in Resources */ = {isa = PBXBuildFile; fileRef = 452EF4761E9EF0DF0081849F /* GoogleService-Info.plist */; };
		45E3D9701EA867F100D7DC15 /* FeedVC.swift in Sources */ = {isa = PBXBuildFile; fileRef = 45E3D96F1EA867F100D7DC15 /* FeedVC.swift */; };
		45E3D9721EAECD3000D7DC15 /* CircleView.swift in Sources */ = {isa = PBXBuildFile; fileRef = 45E3D9711EAECD3000D7DC15 /* CircleView.swift */; };
		45E3D9741EAEED8900D7DC15 /* PostCell.swift in Sources */ = {isa = PBXBuildFile; fileRef = 45E3D9731EAEED8900D7DC15 /* PostCell.swift */; };
/* End PBXBuildFile section */

/* Begin PBXFileReference section */
		4370FDC0F5AA4E42F344B9C3 /* Pods-SocialApp.release.xcconfig */ = {isa = PBXFileReference; includeInIndex = 1; lastKnownFileType = text.xcconfig; name = "Pods-SocialApp.release.xcconfig"; path = "Pods/Target Support Files/Pods-SocialApp/Pods-SocialApp.release.xcconfig"; sourceTree = "<group>"; };
		452E62321EA403240040B8D4 /* FancyView.swift */ = {isa = PBXFileReference; fileEncoding = 4; lastKnownFileType = sourcecode.swift; path = FancyView.swift; sourceTree = "<group>"; };
		452E62351EA403A30040B8D4 /* Constants.swift */ = {isa = PBXFileReference; fileEncoding = 4; lastKnownFileType = sourcecode.swift; path = Constants.swift; sourceTree = "<group>"; };
		452E62371EA405230040B8D4 /* RoundBtn.swift */ = {isa = PBXFileReference; fileEncoding = 4; lastKnownFileType = sourcecode.swift; path = RoundBtn.swift; sourceTree = "<group>"; };
		452E62391EA406580040B8D4 /* FancyField.swift */ = {isa = PBXFileReference; fileEncoding = 4; lastKnownFileType = sourcecode.swift; path = FancyField.swift; sourceTree = "<group>"; };
		452E623B1EA409C00040B8D4 /* FancyButton.swift */ = {isa = PBXFileReference; fileEncoding = 4; lastKnownFileType = sourcecode.swift; path = FancyButton.swift; sourceTree = "<group>"; };
		452EF4611E9EF07A0081849F /* SocialApp.app */ = {isa = PBXFileReference; explicitFileType = wrapper.application; includeInIndex = 0; path = SocialApp.app; sourceTree = BUILT_PRODUCTS_DIR; };
		452EF4641E9EF07A0081849F /* AppDelegate.swift */ = {isa = PBXFileReference; lastKnownFileType = sourcecode.swift; path = AppDelegate.swift; sourceTree = "<group>"; };
		452EF4661E9EF07A0081849F /* SignInVC.swift */ = {isa = PBXFileReference; lastKnownFileType = sourcecode.swift; path = SignInVC.swift; sourceTree = "<group>"; };
		452EF4691E9EF07A0081849F /* Base */ = {isa = PBXFileReference; lastKnownFileType = file.storyboard; name = Base; path = Base.lproj/Main.storyboard; sourceTree = "<group>"; };
		452EF46B1E9EF07A0081849F /* Assets.xcassets */ = {isa = PBXFileReference; lastKnownFileType = folder.assetcatalog; path = Assets.xcassets; sourceTree = "<group>"; };
		452EF46E1E9EF07A0081849F /* Base */ = {isa = PBXFileReference; lastKnownFileType = file.storyboard; name = Base; path = Base.lproj/LaunchScreen.storyboard; sourceTree = "<group>"; };
		452EF4701E9EF07A0081849F /* Info.plist */ = {isa = PBXFileReference; lastKnownFileType = text.plist.xml; path = Info.plist; sourceTree = "<group>"; };
		452EF4761E9EF0DF0081849F /* GoogleService-Info.plist */ = {isa = PBXFileReference; fileEncoding = 4; lastKnownFileType = text.plist.xml; path = "GoogleService-Info.plist"; sourceTree = "<group>"; };
		45E3D96F1EA867F100D7DC15 /* FeedVC.swift */ = {isa = PBXFileReference; fileEncoding = 4; lastKnownFileType = sourcecode.swift; path = FeedVC.swift; sourceTree = "<group>"; };
		45E3D9711EAECD3000D7DC15 /* CircleView.swift */ = {isa = PBXFileReference; fileEncoding = 4; lastKnownFileType = sourcecode.swift; path = CircleView.swift; sourceTree = "<group>"; };
		45E3D9731EAEED8900D7DC15 /* PostCell.swift */ = {isa = PBXFileReference; fileEncoding = 4; lastKnownFileType = sourcecode.swift; path = PostCell.swift; sourceTree = "<group>"; };
		B5A532D197E70534EFF3AB92 /* Pods_SocialApp.framework */ = {isa = PBXFileReference; explicitFileType = wrapper.framework; includeInIndex = 0; path = Pods_SocialApp.framework; sourceTree = BUILT_PRODUCTS_DIR; };
		BBEA3CFCC52E5E9B85354359 /* Pods-SocialApp.debug.xcconfig */ = {isa = PBXFileReference; includeInIndex = 1; lastKnownFileType = text.xcconfig; name = "Pods-SocialApp.debug.xcconfig"; path = "Pods/Target Support Files/Pods-SocialApp/Pods-SocialApp.debug.xcconfig"; sourceTree = "<group>"; };
/* End PBXFileReference section */

/* Begin PBXFrameworksBuildPhase section */
		452EF45E1E9EF07A0081849F /* Frameworks */ = {
			isa = PBXFrameworksBuildPhase;
			buildActionMask = 2147483647;
			files = (
				39EE4A3608FEBCD26C4A7693 /* Pods_SocialApp.framework in Frameworks */,
			);
			runOnlyForDeploymentPostprocessing = 0;
		};
/* End PBXFrameworksBuildPhase section */

/* Begin PBXGroup section */
		4520D8F51E9EF39B000AD7E3 /* Controller */ = {
			isa = PBXGroup;
			children = (
				452EF4661E9EF07A0081849F /* SignInVC.swift */,
				45E3D96F1EA867F100D7DC15 /* FeedVC.swift */,
			);
			name = Controller;
			sourceTree = "<group>";
		};
		4520D8F61E9EF3A2000AD7E3 /* View */ = {
			isa = PBXGroup;
			children = (
				452E62321EA403240040B8D4 /* FancyView.swift */,
				452E62371EA405230040B8D4 /* RoundBtn.swift */,
				452E62391EA406580040B8D4 /* FancyField.swift */,
				452E623B1EA409C00040B8D4 /* FancyButton.swift */,
				45E3D9711EAECD3000D7DC15 /* CircleView.swift */,
				45E3D9731EAEED8900D7DC15 /* PostCell.swift */,
			);
			name = View;
			sourceTree = "<group>";
		};
		4520D8F71E9EF3A8000AD7E3 /* Model */ = {
			isa = PBXGroup;
			children = (
			);
			name = Model;
			sourceTree = "<group>";
		};
		452E62341EA403980040B8D4 /* Util */ = {
			isa = PBXGroup;
			children = (
				452E62351EA403A30040B8D4 /* Constants.swift */,
			);
			name = Util;
			sourceTree = "<group>";
		};
		452EF4581E9EF07A0081849F = {
			isa = PBXGroup;
			children = (
				452EF4631E9EF07A0081849F /* SocialApp */,
				452EF4621E9EF07A0081849F /* Products */,
				9C3F5EB2B180434BE7F03B06 /* Pods */,
				7C490116A00B5E7175615B2D /* Frameworks */,
			);
			sourceTree = "<group>";
		};
		452EF4621E9EF07A0081849F /* Products */ = {
			isa = PBXGroup;
			children = (
				452EF4611E9EF07A0081849F /* SocialApp.app */,
			);
			name = Products;
			sourceTree = "<group>";
		};
		452EF4631E9EF07A0081849F /* SocialApp */ = {
			isa = PBXGroup;
			children = (
				452E62341EA403980040B8D4 /* Util */,
				4520D8F71E9EF3A8000AD7E3 /* Model */,
				4520D8F61E9EF3A2000AD7E3 /* View */,
				4520D8F51E9EF39B000AD7E3 /* Controller */,
				452EF4641E9EF07A0081849F /* AppDelegate.swift */,
				452EF4681E9EF07A0081849F /* Main.storyboard */,
				452EF46B1E9EF07A0081849F /* Assets.xcassets */,
				452EF46D1E9EF07A0081849F /* LaunchScreen.storyboard */,
				452EF4701E9EF07A0081849F /* Info.plist */,
				452EF4761E9EF0DF0081849F /* GoogleService-Info.plist */,
			);
			path = SocialApp;
			sourceTree = "<group>";
		};
		7C490116A00B5E7175615B2D /* Frameworks */ = {
			isa = PBXGroup;
			children = (
				B5A532D197E70534EFF3AB92 /* Pods_SocialApp.framework */,
			);
			name = Frameworks;
			sourceTree = "<group>";
		};
		9C3F5EB2B180434BE7F03B06 /* Pods */ = {
			isa = PBXGroup;
			children = (
				BBEA3CFCC52E5E9B85354359 /* Pods-SocialApp.debug.xcconfig */,
				4370FDC0F5AA4E42F344B9C3 /* Pods-SocialApp.release.xcconfig */,
			);
			name = Pods;
			sourceTree = "<group>";
		};
/* End PBXGroup section */

/* Begin PBXNativeTarget section */
		452EF4601E9EF07A0081849F /* SocialApp */ = {
			isa = PBXNativeTarget;
			buildConfigurationList = 452EF4731E9EF07A0081849F /* Build configuration list for PBXNativeTarget "SocialApp" */;
			buildPhases = (
				7F3B0BAA8EE307D064C8A228 /* [CP] Check Pods Manifest.lock */,
				452EF45D1E9EF07A0081849F /* Sources */,
				452EF45E1E9EF07A0081849F /* Frameworks */,
				452EF45F1E9EF07A0081849F /* Resources */,
				533419EC4DD3DFFE7AFA0515 /* [CP] Embed Pods Frameworks */,
				3FDA21E42C4FA6A7CAE7410E /* [CP] Copy Pods Resources */,
			);
			buildRules = (
			);
			dependencies = (
			);
			name = SocialApp;
			productName = SocialApp;
			productReference = 452EF4611E9EF07A0081849F /* SocialApp.app */;
			productType = "com.apple.product-type.application";
		};
/* End PBXNativeTarget section */

/* Begin PBXProject section */
		452EF4591E9EF07A0081849F /* Project object */ = {
			isa = PBXProject;
			attributes = {
				LastSwiftUpdateCheck = 0830;
				LastUpgradeCheck = 0830;
				ORGANIZATIONNAME = "Daniel Huggins";
				TargetAttributes = {
					452EF4601E9EF07A0081849F = {
						CreatedOnToolsVersion = 8.3;
						ProvisioningStyle = Automatic;
					};
				};
			};
			buildConfigurationList = 452EF45C1E9EF07A0081849F /* Build configuration list for PBXProject "SocialApp" */;
			compatibilityVersion = "Xcode 3.2";
			developmentRegion = English;
			hasScannedForEncodings = 0;
			knownRegions = (
				en,
				Base,
			);
			mainGroup = 452EF4581E9EF07A0081849F;
			productRefGroup = 452EF4621E9EF07A0081849F /* Products */;
			projectDirPath = "";
			projectRoot = "";
			targets = (
				452EF4601E9EF07A0081849F /* SocialApp */,
			);
		};
/* End PBXProject section */

/* Begin PBXResourcesBuildPhase section */
		452EF45F1E9EF07A0081849F /* Resources */ = {
			isa = PBXResourcesBuildPhase;
			buildActionMask = 2147483647;
			files = (
				452EF4771E9EF0DF0081849F /* GoogleService-Info.plist in Resources */,
				452EF46F1E9EF07A0081849F /* LaunchScreen.storyboard in Resources */,
				452EF46C1E9EF07A0081849F /* Assets.xcassets in Resources */,
				452EF46A1E9EF07A0081849F /* Main.storyboard in Resources */,
			);
			runOnlyForDeploymentPostprocessing = 0;
		};
/* End PBXResourcesBuildPhase section */

/* Begin PBXShellScriptBuildPhase section */
		3FDA21E42C4FA6A7CAE7410E /* [CP] Copy Pods Resources */ = {
			isa = PBXShellScriptBuildPhase;
			buildActionMask = 2147483647;
			files = (
			);
			inputPaths = (
			);
			name = "[CP] Copy Pods Resources";
			outputPaths = (
			);
			runOnlyForDeploymentPostprocessing = 0;
			shellPath = /bin/sh;
			shellScript = "\"${SRCROOT}/Pods/Target Support Files/Pods-SocialApp/Pods-SocialApp-resources.sh\"\n";
			showEnvVarsInLog = 0;
		};
		533419EC4DD3DFFE7AFA0515 /* [CP] Embed Pods Frameworks */ = {
			isa = PBXShellScriptBuildPhase;
			buildActionMask = 2147483647;
			files = (
			);
			inputPaths = (
			);
			name = "[CP] Embed Pods Frameworks";
			outputPaths = (
			);
			runOnlyForDeploymentPostprocessing = 0;
			shellPath = /bin/sh;
			shellScript = "\"${SRCROOT}/Pods/Target Support Files/Pods-SocialApp/Pods-SocialApp-frameworks.sh\"\n";
			showEnvVarsInLog = 0;
		};
		7F3B0BAA8EE307D064C8A228 /* [CP] Check Pods Manifest.lock */ = {
			isa = PBXShellScriptBuildPhase;
			buildActionMask = 2147483647;
			files = (
			);
			inputPaths = (
			);
			name = "[CP] Check Pods Manifest.lock";
			outputPaths = (
			);
			runOnlyForDeploymentPostprocessing = 0;
			shellPath = /bin/sh;
			shellScript = "diff \"${PODS_ROOT}/../Podfile.lock\" \"${PODS_ROOT}/Manifest.lock\" > /dev/null\nif [ $? != 0 ] ; then\n    # print error to STDERR\n    echo \"error: The sandbox is not in sync with the Podfile.lock. Run 'pod install' or update your CocoaPods installation.\" >&2\n    exit 1\nfi\n";
			showEnvVarsInLog = 0;
		};
/* End PBXShellScriptBuildPhase section */

/* Begin PBXSourcesBuildPhase section */
		452EF45D1E9EF07A0081849F /* Sources */ = {
			isa = PBXSourcesBuildPhase;
			buildActionMask = 2147483647;
			files = (
				45E3D9721EAECD3000D7DC15 /* CircleView.swift in Sources */,
				452E623A1EA406580040B8D4 /* FancyField.swift in Sources */,
				452EF4671E9EF07A0081849F /* SignInVC.swift in Sources */,
				452E62381EA405230040B8D4 /* RoundBtn.swift in Sources */,
				452E623C1EA409C00040B8D4 /* FancyButton.swift in Sources */,
				45E3D9701EA867F100D7DC15 /* FeedVC.swift in Sources */,
				452EF4651E9EF07A0081849F /* AppDelegate.swift in Sources */,
				452E62331EA403240040B8D4 /* FancyView.swift in Sources */,
				452E62361EA403A30040B8D4 /* Constants.swift in Sources */,
				45E3D9741EAEED8900D7DC15 /* PostCell.swift in Sources */,
			);
			runOnlyForDeploymentPostprocessing = 0;
		};
/* End PBXSourcesBuildPhase section */

/* Begin PBXVariantGroup section */
		452EF4681E9EF07A0081849F /* Main.storyboard */ = {
			isa = PBXVariantGroup;
			children = (
				452EF4691E9EF07A0081849F /* Base */,
			);
			name = Main.storyboard;
			sourceTree = "<group>";
		};
		452EF46D1E9EF07A0081849F /* LaunchScreen.storyboard */ = {
			isa = PBXVariantGroup;
			children = (
				452EF46E1E9EF07A0081849F /* Base */,
			);
			name = LaunchScreen.storyboard;
			sourceTree = "<group>";
		};
/* End PBXVariantGroup section */

/* Begin XCBuildConfiguration section */
		452EF4711E9EF07A0081849F /* Debug */ = {
			isa = XCBuildConfiguration;
			buildSettings = {
				ALWAYS_SEARCH_USER_PATHS = NO;
				CLANG_ANALYZER_NONNULL = YES;
				CLANG_ANALYZER_NUMBER_OBJECT_CONVERSION = YES_AGGRESSIVE;
				CLANG_CXX_LANGUAGE_STANDARD = "gnu++0x";
				CLANG_CXX_LIBRARY = "libc++";
				CLANG_ENABLE_MODULES = YES;
				CLANG_ENABLE_OBJC_ARC = YES;
				CLANG_WARN_BOOL_CONVERSION = YES;
				CLANG_WARN_CONSTANT_CONVERSION = YES;
				CLANG_WARN_DIRECT_OBJC_ISA_USAGE = YES_ERROR;
				CLANG_WARN_DOCUMENTATION_COMMENTS = YES;
				CLANG_WARN_EMPTY_BODY = YES;
				CLANG_WARN_ENUM_CONVERSION = YES;
				CLANG_WARN_INFINITE_RECURSION = YES;
				CLANG_WARN_INT_CONVERSION = YES;
				CLANG_WARN_OBJC_ROOT_CLASS = YES_ERROR;
				CLANG_WARN_SUSPICIOUS_MOVE = YES;
				CLANG_WARN_UNREACHABLE_CODE = YES;
				CLANG_WARN__DUPLICATE_METHOD_MATCH = YES;
				"CODE_SIGN_IDENTITY[sdk=iphoneos*]" = "iPhone Developer";
				COPY_PHASE_STRIP = NO;
				DEBUG_INFORMATION_FORMAT = dwarf;
				ENABLE_STRICT_OBJC_MSGSEND = YES;
				ENABLE_TESTABILITY = YES;
				GCC_C_LANGUAGE_STANDARD = gnu99;
				GCC_DYNAMIC_NO_PIC = NO;
				GCC_NO_COMMON_BLOCKS = YES;
				GCC_OPTIMIZATION_LEVEL = 0;
				GCC_PREPROCESSOR_DEFINITIONS = (
					"DEBUG=1",
					"$(inherited)",
				);
				GCC_WARN_64_TO_32_BIT_CONVERSION = YES;
				GCC_WARN_ABOUT_RETURN_TYPE = YES_ERROR;
				GCC_WARN_UNDECLARED_SELECTOR = YES;
				GCC_WARN_UNINITIALIZED_AUTOS = YES_AGGRESSIVE;
				GCC_WARN_UNUSED_FUNCTION = YES;
				GCC_WARN_UNUSED_VARIABLE = YES;
				IPHONEOS_DEPLOYMENT_TARGET = 10.3;
				MTL_ENABLE_DEBUG_INFO = YES;
				ONLY_ACTIVE_ARCH = YES;
				SDKROOT = iphoneos;
				SWIFT_ACTIVE_COMPILATION_CONDITIONS = DEBUG;
				SWIFT_OPTIMIZATION_LEVEL = "-Onone";
				TARGETED_DEVICE_FAMILY = "1,2";
			};
			name = Debug;
		};
		452EF4721E9EF07A0081849F /* Release */ = {
			isa = XCBuildConfiguration;
			buildSettings = {
				ALWAYS_SEARCH_USER_PATHS = NO;
				CLANG_ANALYZER_NONNULL = YES;
				CLANG_ANALYZER_NUMBER_OBJECT_CONVERSION = YES_AGGRESSIVE;
				CLANG_CXX_LANGUAGE_STANDARD = "gnu++0x";
				CLANG_CXX_LIBRARY = "libc++";
				CLANG_ENABLE_MODULES = YES;
				CLANG_ENABLE_OBJC_ARC = YES;
				CLANG_WARN_BOOL_CONVERSION = YES;
				CLANG_WARN_CONSTANT_CONVERSION = YES;
				CLANG_WARN_DIRECT_OBJC_ISA_USAGE = YES_ERROR;
				CLANG_WARN_DOCUMENTATION_COMMENTS = YES;
				CLANG_WARN_EMPTY_BODY = YES;
				CLANG_WARN_ENUM_CONVERSION = YES;
				CLANG_WARN_INFINITE_RECURSION = YES;
				CLANG_WARN_INT_CONVERSION = YES;
				CLANG_WARN_OBJC_ROOT_CLASS = YES_ERROR;
				CLANG_WARN_SUSPICIOUS_MOVE = YES;
				CLANG_WARN_UNREACHABLE_CODE = YES;
				CLANG_WARN__DUPLICATE_METHOD_MATCH = YES;
				"CODE_SIGN_IDENTITY[sdk=iphoneos*]" = "iPhone Developer";
				COPY_PHASE_STRIP = NO;
				DEBUG_INFORMATION_FORMAT = "dwarf-with-dsym";
				ENABLE_NS_ASSERTIONS = NO;
				ENABLE_STRICT_OBJC_MSGSEND = YES;
				GCC_C_LANGUAGE_STANDARD = gnu99;
				GCC_NO_COMMON_BLOCKS = YES;
				GCC_WARN_64_TO_32_BIT_CONVERSION = YES;
				GCC_WARN_ABOUT_RETURN_TYPE = YES_ERROR;
				GCC_WARN_UNDECLARED_SELECTOR = YES;
				GCC_WARN_UNINITIALIZED_AUTOS = YES_AGGRESSIVE;
				GCC_WARN_UNUSED_FUNCTION = YES;
				GCC_WARN_UNUSED_VARIABLE = YES;
				IPHONEOS_DEPLOYMENT_TARGET = 10.3;
				MTL_ENABLE_DEBUG_INFO = NO;
				SDKROOT = iphoneos;
				SWIFT_OPTIMIZATION_LEVEL = "-Owholemodule";
				TARGETED_DEVICE_FAMILY = "1,2";
				VALIDATE_PRODUCT = YES;
			};
			name = Release;
		};
		452EF4741E9EF07A0081849F /* Debug */ = {
			isa = XCBuildConfiguration;
			baseConfigurationReference = BBEA3CFCC52E5E9B85354359 /* Pods-SocialApp.debug.xcconfig */;
			buildSettings = {
				ASSETCATALOG_COMPILER_APPICON_NAME = AppIcon;
				INFOPLIST_FILE = SocialApp/Info.plist;
				LD_RUNPATH_SEARCH_PATHS = "$(inherited) @executable_path/Frameworks";
				PRODUCT_BUNDLE_IDENTIFIER = dHuggs.SocialApp;
				PRODUCT_NAME = "$(TARGET_NAME)";
				SWIFT_VERSION = 3.0;
			};
			name = Debug;
		};
		452EF4751E9EF07A0081849F /* Release */ = {
			isa = XCBuildConfiguration;
			baseConfigurationReference = 4370FDC0F5AA4E42F344B9C3 /* Pods-SocialApp.release.xcconfig */;
			buildSettings = {
				ASSETCATALOG_COMPILER_APPICON_NAME = AppIcon;
				INFOPLIST_FILE = SocialApp/Info.plist;
				LD_RUNPATH_SEARCH_PATHS = "$(inherited) @executable_path/Frameworks";
				PRODUCT_BUNDLE_IDENTIFIER = dHuggs.SocialApp;
				PRODUCT_NAME = "$(TARGET_NAME)";
				SWIFT_VERSION = 3.0;
			};
			name = Release;
		};
/* End XCBuildConfiguration section */

/* Begin XCConfigurationList section */
		452EF45C1E9EF07A0081849F /* Build configuration list for PBXProject "SocialApp" */ = {
			isa = XCConfigurationList;
			buildConfigurations = (
				452EF4711E9EF07A0081849F /* Debug */,
				452EF4721E9EF07A0081849F /* Release */,
			);
			defaultConfigurationIsVisible = 0;
			defaultConfigurationName = Release;
		};
		452EF4731E9EF07A0081849F /* Build configuration list for PBXNativeTarget "SocialApp" */ = {
			isa = XCConfigurationList;
			buildConfigurations = (
				452EF4741E9EF07A0081849F /* Debug */,
				452EF4751E9EF07A0081849F /* Release */,
			);
			defaultConfigurationIsVisible = 0;
			defaultConfigurationName = Release;
		};
/* End XCConfigurationList section */
	};
	rootObject = 452EF4591E9EF07A0081849F /* Project object */;
}
